// !$*UTF8*$!
{
	archiveVersion = 1;
	classes = {
	};
	objectVersion = 48;
	objects = {

/* Begin PBXBuildFile section */
		4B2ED168453EC64599E9A5F1 /* libPods-SearchBooks.a in Frameworks */ = {isa = PBXBuildFile; fileRef = 0A3A221A7448C03340DD2E4B /* libPods-SearchBooks.a */; };
		589D8D78223EB6E700363CAA /* ResultsTableViewController.m in Sources */ = {isa = PBXBuildFile; fileRef = 589D8D77223EB6E700363CAA /* ResultsTableViewController.m */; };
		589D8D7B223EDF6300363CAA /* BookService.m in Sources */ = {isa = PBXBuildFile; fileRef = 589D8D7A223EDF6300363CAA /* BookService.m */; };
		9339A30F223DB697004648E0 /* AppDelegate.m in Sources */ = {isa = PBXBuildFile; fileRef = 9339A30E223DB697004648E0 /* AppDelegate.m */; };
		9339A312223DB697004648E0 /* SearchViewController.m in Sources */ = {isa = PBXBuildFile; fileRef = 9339A311223DB697004648E0 /* SearchViewController.m */; };
		9339A315223DB697004648E0 /* Main.storyboard in Resources */ = {isa = PBXBuildFile; fileRef = 9339A313223DB697004648E0 /* Main.storyboard */; };
		9339A317223DB69A004648E0 /* Assets.xcassets in Resources */ = {isa = PBXBuildFile; fileRef = 9339A316223DB69A004648E0 /* Assets.xcassets */; };
		9339A31A223DB69A004648E0 /* LaunchScreen.storyboard in Resources */ = {isa = PBXBuildFile; fileRef = 9339A318223DB69A004648E0 /* LaunchScreen.storyboard */; };
		9339A31D223DB69A004648E0 /* main.m in Sources */ = {isa = PBXBuildFile; fileRef = 9339A31C223DB69A004648E0 /* main.m */; };
		9339A327223DB69A004648E0 /* SearchBooksTests.m in Sources */ = {isa = PBXBuildFile; fileRef = 9339A326223DB69A004648E0 /* SearchBooksTests.m */; };
		9339A332223DB69A004648E0 /* SearchBooksUITests.m in Sources */ = {isa = PBXBuildFile; fileRef = 9339A331223DB69A004648E0 /* SearchBooksUITests.m */; };
		9339A345223EADEB004648E0 /* SearchService.m in Sources */ = {isa = PBXBuildFile; fileRef = 9339A344223EADEB004648E0 /* SearchService.m */; };
		9339A34A223EBA38004648E0 /* BookList.m in Sources */ = {isa = PBXBuildFile; fileRef = 9339A349223EBA38004648E0 /* BookList.m */; };
		9339A34D223EBA49004648E0 /* Book.m in Sources */ = {isa = PBXBuildFile; fileRef = 9339A34C223EBA49004648E0 /* Book.m */; };
/* End PBXBuildFile section */

/* Begin PBXContainerItemProxy section */
		9339A323223DB69A004648E0 /* PBXContainerItemProxy */ = {
			isa = PBXContainerItemProxy;
			containerPortal = 9339A302223DB697004648E0 /* Project object */;
			proxyType = 1;
			remoteGlobalIDString = 9339A309223DB697004648E0;
			remoteInfo = SearchBooks;
		};
		9339A32E223DB69A004648E0 /* PBXContainerItemProxy */ = {
			isa = PBXContainerItemProxy;
			containerPortal = 9339A302223DB697004648E0 /* Project object */;
			proxyType = 1;
			remoteGlobalIDString = 9339A309223DB697004648E0;
			remoteInfo = SearchBooks;
		};
/* End PBXContainerItemProxy section */

/* Begin PBXFileReference section */
		02858BD4F60647D751BF7FDB /* Pods-SearchBooks.release.xcconfig */ = {isa = PBXFileReference; includeInIndex = 1; lastKnownFileType = text.xcconfig; name = "Pods-SearchBooks.release.xcconfig"; path = "Pods/Target Support Files/Pods-SearchBooks/Pods-SearchBooks.release.xcconfig"; sourceTree = "<group>"; };
		0A3A221A7448C03340DD2E4B /* libPods-SearchBooks.a */ = {isa = PBXFileReference; explicitFileType = archive.ar; includeInIndex = 0; path = "libPods-SearchBooks.a"; sourceTree = BUILT_PRODUCTS_DIR; };
		2057F680150F78DC44369194 /* Pods-SearchBooks.debug.xcconfig */ = {isa = PBXFileReference; includeInIndex = 1; lastKnownFileType = text.xcconfig; name = "Pods-SearchBooks.debug.xcconfig"; path = "Pods/Target Support Files/Pods-SearchBooks/Pods-SearchBooks.debug.xcconfig"; sourceTree = "<group>"; };
		589D8D76223EB6E700363CAA /* ResultsTableViewController.h */ = {isa = PBXFileReference; lastKnownFileType = sourcecode.c.h; path = ResultsTableViewController.h; sourceTree = "<group>"; };
		589D8D77223EB6E700363CAA /* ResultsTableViewController.m */ = {isa = PBXFileReference; lastKnownFileType = sourcecode.c.objc; path = ResultsTableViewController.m; sourceTree = "<group>"; };
		589D8D79223EDF6300363CAA /* BookService.h */ = {isa = PBXFileReference; lastKnownFileType = sourcecode.c.h; path = BookService.h; sourceTree = "<group>"; };
		589D8D7A223EDF6300363CAA /* BookService.m */ = {isa = PBXFileReference; lastKnownFileType = sourcecode.c.objc; path = BookService.m; sourceTree = "<group>"; };
		589D8D7C223EE27F00363CAA /* BookServiceDelegate.h */ = {isa = PBXFileReference; lastKnownFileType = sourcecode.c.h; path = BookServiceDelegate.h; sourceTree = "<group>"; };
		9339A30A223DB697004648E0 /* SearchBooks.app */ = {isa = PBXFileReference; explicitFileType = wrapper.application; includeInIndex = 0; path = SearchBooks.app; sourceTree = BUILT_PRODUCTS_DIR; };
		9339A30D223DB697004648E0 /* AppDelegate.h */ = {isa = PBXFileReference; lastKnownFileType = sourcecode.c.h; path = AppDelegate.h; sourceTree = "<group>"; };
		9339A30E223DB697004648E0 /* AppDelegate.m */ = {isa = PBXFileReference; lastKnownFileType = sourcecode.c.objc; path = AppDelegate.m; sourceTree = "<group>"; };
		9339A310223DB697004648E0 /* SearchViewController.h */ = {isa = PBXFileReference; lastKnownFileType = sourcecode.c.h; path = SearchViewController.h; sourceTree = "<group>"; };
		9339A311223DB697004648E0 /* SearchViewController.m */ = {isa = PBXFileReference; lastKnownFileType = sourcecode.c.objc; path = SearchViewController.m; sourceTree = "<group>"; };
		9339A314223DB697004648E0 /* Base */ = {isa = PBXFileReference; lastKnownFileType = file.storyboard; name = Base; path = Base.lproj/Main.storyboard; sourceTree = "<group>"; };
		9339A316223DB69A004648E0 /* Assets.xcassets */ = {isa = PBXFileReference; lastKnownFileType = folder.assetcatalog; path = Assets.xcassets; sourceTree = "<group>"; };
		9339A319223DB69A004648E0 /* Base */ = {isa = PBXFileReference; lastKnownFileType = file.storyboard; name = Base; path = Base.lproj/LaunchScreen.storyboard; sourceTree = "<group>"; };
		9339A31B223DB69A004648E0 /* Info.plist */ = {isa = PBXFileReference; lastKnownFileType = text.plist.xml; path = Info.plist; sourceTree = "<group>"; };
		9339A31C223DB69A004648E0 /* main.m */ = {isa = PBXFileReference; lastKnownFileType = sourcecode.c.objc; path = main.m; sourceTree = "<group>"; };
		9339A322223DB69A004648E0 /* SearchBooksTests.xctest */ = {isa = PBXFileReference; explicitFileType = wrapper.cfbundle; includeInIndex = 0; path = SearchBooksTests.xctest; sourceTree = BUILT_PRODUCTS_DIR; };
		9339A326223DB69A004648E0 /* SearchBooksTests.m */ = {isa = PBXFileReference; lastKnownFileType = sourcecode.c.objc; path = SearchBooksTests.m; sourceTree = "<group>"; };
		9339A328223DB69A004648E0 /* Info.plist */ = {isa = PBXFileReference; lastKnownFileType = text.plist.xml; path = Info.plist; sourceTree = "<group>"; };
		9339A32D223DB69A004648E0 /* SearchBooksUITests.xctest */ = {isa = PBXFileReference; explicitFileType = wrapper.cfbundle; includeInIndex = 0; path = SearchBooksUITests.xctest; sourceTree = BUILT_PRODUCTS_DIR; };
		9339A331223DB69A004648E0 /* SearchBooksUITests.m */ = {isa = PBXFileReference; lastKnownFileType = sourcecode.c.objc; path = SearchBooksUITests.m; sourceTree = "<group>"; };
		9339A333223DB69A004648E0 /* Info.plist */ = {isa = PBXFileReference; lastKnownFileType = text.plist.xml; path = Info.plist; sourceTree = "<group>"; };
		9339A343223EADEB004648E0 /* SearchService.h */ = {isa = PBXFileReference; lastKnownFileType = sourcecode.c.h; path = SearchService.h; sourceTree = "<group>"; };
		9339A344223EADEB004648E0 /* SearchService.m */ = {isa = PBXFileReference; lastKnownFileType = sourcecode.c.objc; path = SearchService.m; sourceTree = "<group>"; };
		9339A347223EB2EB004648E0 /* ServiceDelegate.h */ = {isa = PBXFileReference; lastKnownFileType = sourcecode.c.h; path = ServiceDelegate.h; sourceTree = "<group>"; };
		9339A348223EBA38004648E0 /* BookList.h */ = {isa = PBXFileReference; lastKnownFileType = sourcecode.c.h; path = BookList.h; sourceTree = "<group>"; };
		9339A349223EBA38004648E0 /* BookList.m */ = {isa = PBXFileReference; lastKnownFileType = sourcecode.c.objc; path = BookList.m; sourceTree = "<group>"; };
		9339A34B223EBA49004648E0 /* Book.h */ = {isa = PBXFileReference; lastKnownFileType = sourcecode.c.h; path = Book.h; sourceTree = "<group>"; };
		9339A34C223EBA49004648E0 /* Book.m */ = {isa = PBXFileReference; lastKnownFileType = sourcecode.c.objc; path = Book.m; sourceTree = "<group>"; };
		DEC5191AA7F6EF63DE753F4B /* Pods-SearchBooks.release.xcconfig */ = {isa = PBXFileReference; includeInIndex = 1; lastKnownFileType = text.xcconfig; name = "Pods-SearchBooks.release.xcconfig"; path = "Target Support Files/Pods-SearchBooks/Pods-SearchBooks.release.xcconfig"; sourceTree = "<group>"; };
		FFF9D449694499FFC20A7CE6 /* Pods-SearchBooks.debug.xcconfig */ = {isa = PBXFileReference; includeInIndex = 1; lastKnownFileType = text.xcconfig; name = "Pods-SearchBooks.debug.xcconfig"; path = "Target Support Files/Pods-SearchBooks/Pods-SearchBooks.debug.xcconfig"; sourceTree = "<group>"; };
/* End PBXFileReference section */

/* Begin PBXFrameworksBuildPhase section */
		9339A307223DB697004648E0 /* Frameworks */ = {
			isa = PBXFrameworksBuildPhase;
			buildActionMask = 2147483647;
			files = (
				4B2ED168453EC64599E9A5F1 /* libPods-SearchBooks.a in Frameworks */,
			);
			runOnlyForDeploymentPostprocessing = 0;
		};
		9339A31F223DB69A004648E0 /* Frameworks */ = {
			isa = PBXFrameworksBuildPhase;
			buildActionMask = 2147483647;
			files = (
			);
			runOnlyForDeploymentPostprocessing = 0;
		};
		9339A32A223DB69A004648E0 /* Frameworks */ = {
			isa = PBXFrameworksBuildPhase;
			buildActionMask = 2147483647;
			files = (
			);
			runOnlyForDeploymentPostprocessing = 0;
		};
/* End PBXFrameworksBuildPhase section */

/* Begin PBXGroup section */
		279C7AA997FFEAC82572F95B /* Pods */ = {
			isa = PBXGroup;
			children = (
				FFF9D449694499FFC20A7CE6 /* Pods-SearchBooks.debug.xcconfig */,
				DEC5191AA7F6EF63DE753F4B /* Pods-SearchBooks.release.xcconfig */,
				2057F680150F78DC44369194 /* Pods-SearchBooks.debug.xcconfig */,
				02858BD4F60647D751BF7FDB /* Pods-SearchBooks.release.xcconfig */,
			);
			path = Pods;
			sourceTree = "<group>";
		};
		589D8D72223EB65000363CAA /* Results */ = {
			isa = PBXGroup;
			children = (
				589D8D76223EB6E700363CAA /* ResultsTableViewController.h */,
				589D8D77223EB6E700363CAA /* ResultsTableViewController.m */,
			);
			path = Results;
			sourceTree = "<group>";
		};
		5F2710430EDF8E7C82F999B3 /* Frameworks */ = {
			isa = PBXGroup;
			children = (
				0A3A221A7448C03340DD2E4B /* libPods-SearchBooks.a */,
			);
			name = Frameworks;
			sourceTree = "<group>";
		};
		9339A301223DB697004648E0 = {
			isa = PBXGroup;
			children = (
				9339A30C223DB697004648E0 /* SearchBooks */,
				9339A325223DB69A004648E0 /* SearchBooksTests */,
				9339A330223DB69A004648E0 /* SearchBooksUITests */,
				9339A30B223DB697004648E0 /* Products */,
				279C7AA997FFEAC82572F95B /* Pods */,
				5F2710430EDF8E7C82F999B3 /* Frameworks */,
			);
			sourceTree = "<group>";
		};
		9339A30B223DB697004648E0 /* Products */ = {
			isa = PBXGroup;
			children = (
				9339A30A223DB697004648E0 /* SearchBooks.app */,
				9339A322223DB69A004648E0 /* SearchBooksTests.xctest */,
				9339A32D223DB69A004648E0 /* SearchBooksUITests.xctest */,
			);
			name = Products;
			sourceTree = "<group>";
		};
		9339A30C223DB697004648E0 /* SearchBooks */ = {
			isa = PBXGroup;
			children = (
				589D8D72223EB65000363CAA /* Results */,
				9339A346223EB2D1004648E0 /* Common */,
				9339A33F223DC95C004648E0 /* Search */,
				9339A30D223DB697004648E0 /* AppDelegate.h */,
				9339A30E223DB697004648E0 /* AppDelegate.m */,
				9339A313223DB697004648E0 /* Main.storyboard */,
				9339A316223DB69A004648E0 /* Assets.xcassets */,
				9339A318223DB69A004648E0 /* LaunchScreen.storyboard */,
				9339A31B223DB69A004648E0 /* Info.plist */,
				9339A31C223DB69A004648E0 /* main.m */,
			);
			path = SearchBooks;
			sourceTree = "<group>";
		};
		9339A325223DB69A004648E0 /* SearchBooksTests */ = {
			isa = PBXGroup;
			children = (
				9339A326223DB69A004648E0 /* SearchBooksTests.m */,
				9339A328223DB69A004648E0 /* Info.plist */,
			);
			path = SearchBooksTests;
			sourceTree = "<group>";
		};
		9339A330223DB69A004648E0 /* SearchBooksUITests */ = {
			isa = PBXGroup;
			children = (
				9339A331223DB69A004648E0 /* SearchBooksUITests.m */,
				9339A333223DB69A004648E0 /* Info.plist */,
			);
			path = SearchBooksUITests;
			sourceTree = "<group>";
		};
		9339A33F223DC95C004648E0 /* Search */ = {
			isa = PBXGroup;
			children = (
				9339A310223DB697004648E0 /* SearchViewController.h */,
				9339A311223DB697004648E0 /* SearchViewController.m */,
				9339A343223EADEB004648E0 /* SearchService.h */,
				9339A344223EADEB004648E0 /* SearchService.m */,
			);
			path = Search;
			sourceTree = "<group>";
		};
		9339A346223EB2D1004648E0 /* Common */ = {
			isa = PBXGroup;
			children = (
				9339A347223EB2EB004648E0 /* ServiceDelegate.h */,
				9339A348223EBA38004648E0 /* BookList.h */,
				9339A349223EBA38004648E0 /* BookList.m */,
				9339A34B223EBA49004648E0 /* Book.h */,
				9339A34C223EBA49004648E0 /* Book.m */,
				589D8D79223EDF6300363CAA /* BookService.h */,
				589D8D7A223EDF6300363CAA /* BookService.m */,
				589D8D7C223EE27F00363CAA /* BookServiceDelegate.h */,
			);
			path = Common;
			sourceTree = "<group>";
		};
/* End PBXGroup section */

/* Begin PBXNativeTarget section */
		9339A309223DB697004648E0 /* SearchBooks */ = {
			isa = PBXNativeTarget;
			buildConfigurationList = 9339A336223DB69A004648E0 /* Build configuration list for PBXNativeTarget "SearchBooks" */;
			buildPhases = (
				D2BE4A57232594D99CFF4DF1 /* [CP] Check Pods Manifest.lock */,
				9339A306223DB697004648E0 /* Sources */,
				9339A307223DB697004648E0 /* Frameworks */,
				9339A308223DB697004648E0 /* Resources */,
			);
			buildRules = (
			);
			dependencies = (
			);
			name = SearchBooks;
			productName = SearchBooks;
			productReference = 9339A30A223DB697004648E0 /* SearchBooks.app */;
			productType = "com.apple.product-type.application";
		};
		9339A321223DB69A004648E0 /* SearchBooksTests */ = {
			isa = PBXNativeTarget;
			buildConfigurationList = 9339A339223DB69A004648E0 /* Build configuration list for PBXNativeTarget "SearchBooksTests" */;
			buildPhases = (
				9339A31E223DB69A004648E0 /* Sources */,
				9339A31F223DB69A004648E0 /* Frameworks */,
				9339A320223DB69A004648E0 /* Resources */,
			);
			buildRules = (
			);
			dependencies = (
				9339A324223DB69A004648E0 /* PBXTargetDependency */,
			);
			name = SearchBooksTests;
			productName = SearchBooksTests;
			productReference = 9339A322223DB69A004648E0 /* SearchBooksTests.xctest */;
			productType = "com.apple.product-type.bundle.unit-test";
		};
		9339A32C223DB69A004648E0 /* SearchBooksUITests */ = {
			isa = PBXNativeTarget;
			buildConfigurationList = 9339A33C223DB69A004648E0 /* Build configuration list for PBXNativeTarget "SearchBooksUITests" */;
			buildPhases = (
				9339A329223DB69A004648E0 /* Sources */,
				9339A32A223DB69A004648E0 /* Frameworks */,
				9339A32B223DB69A004648E0 /* Resources */,
			);
			buildRules = (
			);
			dependencies = (
				9339A32F223DB69A004648E0 /* PBXTargetDependency */,
			);
			name = SearchBooksUITests;
			productName = SearchBooksUITests;
			productReference = 9339A32D223DB69A004648E0 /* SearchBooksUITests.xctest */;
			productType = "com.apple.product-type.bundle.ui-testing";
		};
/* End PBXNativeTarget section */

/* Begin PBXProject section */
		9339A302223DB697004648E0 /* Project object */ = {
			isa = PBXProject;
			attributes = {
				LastUpgradeCheck = 1000;
				ORGANIZATIONNAME = "agustina markosich";
				TargetAttributes = {
					9339A309223DB697004648E0 = {
						CreatedOnToolsVersion = 10.0;
						ProvisioningStyle = Automatic;
					};
					9339A321223DB69A004648E0 = {
						CreatedOnToolsVersion = 10.0;
						ProvisioningStyle = Automatic;
						TestTargetID = 9339A309223DB697004648E0;
					};
					9339A32C223DB69A004648E0 = {
						CreatedOnToolsVersion = 10.0;
						ProvisioningStyle = Automatic;
						TestTargetID = 9339A309223DB697004648E0;
					};
				};
			};
			buildConfigurationList = 9339A305223DB697004648E0 /* Build configuration list for PBXProject "SearchBooks" */;
			compatibilityVersion = "Xcode 8.0";
			developmentRegion = en;
			hasScannedForEncodings = 0;
			knownRegions = (
				en,
				Base,
			);
			mainGroup = 9339A301223DB697004648E0;
			productRefGroup = 9339A30B223DB697004648E0 /* Products */;
			projectDirPath = "";
			projectRoot = "";
			targets = (
				9339A309223DB697004648E0 /* SearchBooks */,
				9339A321223DB69A004648E0 /* SearchBooksTests */,
				9339A32C223DB69A004648E0 /* SearchBooksUITests */,
			);
		};
/* End PBXProject section */

/* Begin PBXResourcesBuildPhase section */
		9339A308223DB697004648E0 /* Resources */ = {
			isa = PBXResourcesBuildPhase;
			buildActionMask = 2147483647;
			files = (
				9339A31A223DB69A004648E0 /* LaunchScreen.storyboard in Resources */,
				9339A317223DB69A004648E0 /* Assets.xcassets in Resources */,
				9339A315223DB697004648E0 /* Main.storyboard in Resources */,
			);
			runOnlyForDeploymentPostprocessing = 0;
		};
		9339A320223DB69A004648E0 /* Resources */ = {
			isa = PBXResourcesBuildPhase;
			buildActionMask = 2147483647;
			files = (
			);
			runOnlyForDeploymentPostprocessing = 0;
		};
		9339A32B223DB69A004648E0 /* Resources */ = {
			isa = PBXResourcesBuildPhase;
			buildActionMask = 2147483647;
			files = (
			);
			runOnlyForDeploymentPostprocessing = 0;
		};
/* End PBXResourcesBuildPhase section */

/* Begin PBXShellScriptBuildPhase section */
		D2BE4A57232594D99CFF4DF1 /* [CP] Check Pods Manifest.lock */ = {
			isa = PBXShellScriptBuildPhase;
			buildActionMask = 2147483647;
			files = (
			);
			inputPaths = (
				"${PODS_PODFILE_DIR_PATH}/Podfile.lock",
				"${PODS_ROOT}/Manifest.lock",
			);
			name = "[CP] Check Pods Manifest.lock";
			outputPaths = (
				"$(DERIVED_FILE_DIR)/Pods-SearchBooks-checkManifestLockResult.txt",
			);
			runOnlyForDeploymentPostprocessing = 0;
			shellPath = /bin/sh;
			shellScript = "diff \"${PODS_PODFILE_DIR_PATH}/Podfile.lock\" \"${PODS_ROOT}/Manifest.lock\" > /dev/null\nif [ $? != 0 ] ; then\n    # print error to STDERR\n    echo \"error: The sandbox is not in sync with the Podfile.lock. Run 'pod install' or update your CocoaPods installation.\" >&2\n    exit 1\nfi\n# This output is used by Xcode 'outputs' to avoid re-running this script phase.\necho \"SUCCESS\" > \"${SCRIPT_OUTPUT_FILE_0}\"\n";
			showEnvVarsInLog = 0;
		};
/* End PBXShellScriptBuildPhase section */

/* Begin PBXSourcesBuildPhase section */
		9339A306223DB697004648E0 /* Sources */ = {
			isa = PBXSourcesBuildPhase;
			buildActionMask = 2147483647;
			files = (
				589D8D78223EB6E700363CAA /* ResultsTableViewController.m in Sources */,
				9339A312223DB697004648E0 /* SearchViewController.m in Sources */,
				9339A345223EADEB004648E0 /* SearchService.m in Sources */,
				9339A31D223DB69A004648E0 /* main.m in Sources */,
				589D8D7B223EDF6300363CAA /* BookService.m in Sources */,
				9339A34A223EBA38004648E0 /* BookList.m in Sources */,
				9339A34D223EBA49004648E0 /* Book.m in Sources */,
				9339A30F223DB697004648E0 /* AppDelegate.m in Sources */,
			);
			runOnlyForDeploymentPostprocessing = 0;
		};
		9339A31E223DB69A004648E0 /* Sources */ = {
			isa = PBXSourcesBuildPhase;
			buildActionMask = 2147483647;
			files = (
				9339A327223DB69A004648E0 /* SearchBooksTests.m in Sources */,
			);
			runOnlyForDeploymentPostprocessing = 0;
		};
		9339A329223DB69A004648E0 /* Sources */ = {
			isa = PBXSourcesBuildPhase;
			buildActionMask = 2147483647;
			files = (
				9339A332223DB69A004648E0 /* SearchBooksUITests.m in Sources */,
			);
			runOnlyForDeploymentPostprocessing = 0;
		};
/* End PBXSourcesBuildPhase section */

/* Begin PBXTargetDependency section */
		9339A324223DB69A004648E0 /* PBXTargetDependency */ = {
			isa = PBXTargetDependency;
			target = 9339A309223DB697004648E0 /* SearchBooks */;
			targetProxy = 9339A323223DB69A004648E0 /* PBXContainerItemProxy */;
		};
		9339A32F223DB69A004648E0 /* PBXTargetDependency */ = {
			isa = PBXTargetDependency;
			target = 9339A309223DB697004648E0 /* SearchBooks */;
			targetProxy = 9339A32E223DB69A004648E0 /* PBXContainerItemProxy */;
		};
/* End PBXTargetDependency section */

/* Begin PBXVariantGroup section */
		9339A313223DB697004648E0 /* Main.storyboard */ = {
			isa = PBXVariantGroup;
			children = (
				9339A314223DB697004648E0 /* Base */,
			);
			name = Main.storyboard;
			sourceTree = "<group>";
		};
		9339A318223DB69A004648E0 /* LaunchScreen.storyboard */ = {
			isa = PBXVariantGroup;
			children = (
				9339A319223DB69A004648E0 /* Base */,
			);
			name = LaunchScreen.storyboard;
			sourceTree = "<group>";
		};
/* End PBXVariantGroup section */

/* Begin XCBuildConfiguration section */
		9339A334223DB69A004648E0 /* Debug */ = {
			isa = XCBuildConfiguration;
			buildSettings = {
				ALWAYS_SEARCH_USER_PATHS = NO;
				CLANG_ANALYZER_NONNULL = YES;
				CLANG_ANALYZER_NUMBER_OBJECT_CONVERSION = YES_AGGRESSIVE;
				CLANG_CXX_LANGUAGE_STANDARD = "gnu++14";
				CLANG_CXX_LIBRARY = "libc++";
				CLANG_ENABLE_MODULES = YES;
				CLANG_ENABLE_OBJC_ARC = YES;
				CLANG_ENABLE_OBJC_WEAK = YES;
				CLANG_WARN_BLOCK_CAPTURE_AUTORELEASING = YES;
				CLANG_WARN_BOOL_CONVERSION = YES;
				CLANG_WARN_COMMA = YES;
				CLANG_WARN_CONSTANT_CONVERSION = YES;
				CLANG_WARN_DEPRECATED_OBJC_IMPLEMENTATIONS = YES;
				CLANG_WARN_DIRECT_OBJC_ISA_USAGE = YES_ERROR;
				CLANG_WARN_DOCUMENTATION_COMMENTS = YES;
				CLANG_WARN_EMPTY_BODY = YES;
				CLANG_WARN_ENUM_CONVERSION = YES;
				CLANG_WARN_INFINITE_RECURSION = YES;
				CLANG_WARN_INT_CONVERSION = YES;
				CLANG_WARN_NON_LITERAL_NULL_CONVERSION = YES;
				CLANG_WARN_OBJC_IMPLICIT_RETAIN_SELF = YES;
				CLANG_WARN_OBJC_LITERAL_CONVERSION = YES;
				CLANG_WARN_OBJC_ROOT_CLASS = YES_ERROR;
				CLANG_WARN_RANGE_LOOP_ANALYSIS = YES;
				CLANG_WARN_STRICT_PROTOTYPES = YES;
				CLANG_WARN_SUSPICIOUS_MOVE = YES;
				CLANG_WARN_UNGUARDED_AVAILABILITY = YES_AGGRESSIVE;
				CLANG_WARN_UNREACHABLE_CODE = YES;
				CLANG_WARN__DUPLICATE_METHOD_MATCH = YES;
				CODE_SIGN_IDENTITY = "iPhone Developer";
				COPY_PHASE_STRIP = NO;
				DEBUG_INFORMATION_FORMAT = dwarf;
				ENABLE_STRICT_OBJC_MSGSEND = YES;
				ENABLE_TESTABILITY = YES;
				GCC_C_LANGUAGE_STANDARD = gnu11;
				GCC_DYNAMIC_NO_PIC = NO;
				GCC_NO_COMMON_BLOCKS = YES;
				GCC_OPTIMIZATION_LEVEL = 0;
				GCC_PREPROCESSOR_DEFINITIONS = (
					"DEBUG=1",
					"$(inherited)",
				);
				GCC_WARN_64_TO_32_BIT_CONVERSION = YES;
				GCC_WARN_ABOUT_RETURN_TYPE = YES_ERROR;
				GCC_WARN_UNDECLARED_SELECTOR = YES;
				GCC_WARN_UNINITIALIZED_AUTOS = YES_AGGRESSIVE;
				GCC_WARN_UNUSED_FUNCTION = YES;
				GCC_WARN_UNUSED_VARIABLE = YES;
				IPHONEOS_DEPLOYMENT_TARGET = 10.0;
				MTL_ENABLE_DEBUG_INFO = INCLUDE_SOURCE;
				MTL_FAST_MATH = YES;
				ONLY_ACTIVE_ARCH = YES;
				SDKROOT = iphoneos;
			};
			name = Debug;
		};
		9339A335223DB69A004648E0 /* Release */ = {
			isa = XCBuildConfiguration;
			buildSettings = {
				ALWAYS_SEARCH_USER_PATHS = NO;
				CLANG_ANALYZER_NONNULL = YES;
				CLANG_ANALYZER_NUMBER_OBJECT_CONVERSION = YES_AGGRESSIVE;
				CLANG_CXX_LANGUAGE_STANDARD = "gnu++14";
				CLANG_CXX_LIBRARY = "libc++";
				CLANG_ENABLE_MODULES = YES;
				CLANG_ENABLE_OBJC_ARC = YES;
				CLANG_ENABLE_OBJC_WEAK = YES;
				CLANG_WARN_BLOCK_CAPTURE_AUTORELEASING = YES;
				CLANG_WARN_BOOL_CONVERSION = YES;
				CLANG_WARN_COMMA = YES;
				CLANG_WARN_CONSTANT_CONVERSION = YES;
				CLANG_WARN_DEPRECATED_OBJC_IMPLEMENTATIONS = YES;
				CLANG_WARN_DIRECT_OBJC_ISA_USAGE = YES_ERROR;
				CLANG_WARN_DOCUMENTATION_COMMENTS = YES;
				CLANG_WARN_EMPTY_BODY = YES;
				CLANG_WARN_ENUM_CONVERSION = YES;
				CLANG_WARN_INFINITE_RECURSION = YES;
				CLANG_WARN_INT_CONVERSION = YES;
				CLANG_WARN_NON_LITERAL_NULL_CONVERSION = YES;
				CLANG_WARN_OBJC_IMPLICIT_RETAIN_SELF = YES;
				CLANG_WARN_OBJC_LITERAL_CONVERSION = YES;
				CLANG_WARN_OBJC_ROOT_CLASS = YES_ERROR;
				CLANG_WARN_RANGE_LOOP_ANALYSIS = YES;
				CLANG_WARN_STRICT_PROTOTYPES = YES;
				CLANG_WARN_SUSPICIOUS_MOVE = YES;
				CLANG_WARN_UNGUARDED_AVAILABILITY = YES_AGGRESSIVE;
				CLANG_WARN_UNREACHABLE_CODE = YES;
				CLANG_WARN__DUPLICATE_METHOD_MATCH = YES;
				CODE_SIGN_IDENTITY = "iPhone Developer";
				COPY_PHASE_STRIP = NO;
				DEBUG_INFORMATION_FORMAT = "dwarf-with-dsym";
				ENABLE_NS_ASSERTIONS = NO;
				ENABLE_STRICT_OBJC_MSGSEND = YES;
				GCC_C_LANGUAGE_STANDARD = gnu11;
				GCC_NO_COMMON_BLOCKS = YES;
				GCC_WARN_64_TO_32_BIT_CONVERSION = YES;
				GCC_WARN_ABOUT_RETURN_TYPE = YES_ERROR;
				GCC_WARN_UNDECLARED_SELECTOR = YES;
				GCC_WARN_UNINITIALIZED_AUTOS = YES_AGGRESSIVE;
				GCC_WARN_UNUSED_FUNCTION = YES;
				GCC_WARN_UNUSED_VARIABLE = YES;
				IPHONEOS_DEPLOYMENT_TARGET = 10.0;
				MTL_ENABLE_DEBUG_INFO = NO;
				MTL_FAST_MATH = YES;
				SDKROOT = iphoneos;
				VALIDATE_PRODUCT = YES;
			};
			name = Release;
		};
		9339A337223DB69A004648E0 /* Debug */ = {
			isa = XCBuildConfiguration;
			baseConfigurationReference = FFF9D449694499FFC20A7CE6 /* Pods-SearchBooks.debug.xcconfig */;
			buildSettings = {
				ASSETCATALOG_COMPILER_APPICON_NAME = AppIcon;
				CODE_SIGN_STYLE = Automatic;
				DEVELOPMENT_TEAM = ZK88ESL9CA;
				INFOPLIST_FILE = SearchBooks/Info.plist;
				IPHONEOS_DEPLOYMENT_TARGET = 10.0;
				LD_RUNPATH_SEARCH_PATHS = "$(inherited) @executable_path/Frameworks";
				PRODUCT_BUNDLE_IDENTIFIER = com.searchbooks.SearchBooks;
				PRODUCT_NAME = "$(TARGET_NAME)";
				TARGETED_DEVICE_FAMILY = "1,2";
			};
			name = Debug;
		};
		9339A338223DB69A004648E0 /* Release */ = {
			isa = XCBuildConfiguration;
			baseConfigurationReference = DEC5191AA7F6EF63DE753F4B /* Pods-SearchBooks.release.xcconfig */;
			buildSettings = {
				ASSETCATALOG_COMPILER_APPICON_NAME = AppIcon;
				CODE_SIGN_STYLE = Automatic;
				DEVELOPMENT_TEAM = ZK88ESL9CA;
				INFOPLIST_FILE = SearchBooks/Info.plist;
				IPHONEOS_DEPLOYMENT_TARGET = 10.0;
				LD_RUNPATH_SEARCH_PATHS = "$(inherited) @executable_path/Frameworks";
				PRODUCT_BUNDLE_IDENTIFIER = com.searchbooks.SearchBooks;
				PRODUCT_NAME = "$(TARGET_NAME)";
				TARGETED_DEVICE_FAMILY = "1,2";
			};
			name = Release;
		};
		9339A33A223DB69A004648E0 /* Debug */ = {
			isa = XCBuildConfiguration;
			buildSettings = {
				BUNDLE_LOADER = "$(TEST_HOST)";
				CODE_SIGN_STYLE = Automatic;
				INFOPLIST_FILE = SearchBooksTests/Info.plist;
				LD_RUNPATH_SEARCH_PATHS = "$(inherited) @executable_path/Frameworks @loader_path/Frameworks";
				PRODUCT_BUNDLE_IDENTIFIER = com.searchbooks.SearchBooksTests;
				PRODUCT_NAME = "$(TARGET_NAME)";
				TARGETED_DEVICE_FAMILY = "1,2";
				TEST_HOST = "$(BUILT_PRODUCTS_DIR)/SearchBooks.app/SearchBooks";
			};
			name = Debug;
		};
		9339A33B223DB69A004648E0 /* Release */ = {
			isa = XCBuildConfiguration;
			buildSettings = {
				BUNDLE_LOADER = "$(TEST_HOST)";
				CODE_SIGN_STYLE = Automatic;
				INFOPLIST_FILE = SearchBooksTests/Info.plist;
				LD_RUNPATH_SEARCH_PATHS = "$(inherited) @executable_path/Frameworks @loader_path/Frameworks";
				PRODUCT_BUNDLE_IDENTIFIER = com.searchbooks.SearchBooksTests;
				PRODUCT_NAME = "$(TARGET_NAME)";
				TARGETED_DEVICE_FAMILY = "1,2";
				TEST_HOST = "$(BUILT_PRODUCTS_DIR)/SearchBooks.app/SearchBooks";
			};
			name = Release;
		};
		9339A33D223DB69A004648E0 /* Debug */ = {
			isa = XCBuildConfiguration;
			buildSettings = {
				CODE_SIGN_STYLE = Automatic;
				INFOPLIST_FILE = SearchBooksUITests/Info.plist;
				LD_RUNPATH_SEARCH_PATHS = "$(inherited) @executable_path/Frameworks @loader_path/Frameworks";
				PRODUCT_BUNDLE_IDENTIFIER = com.searchbooks.SearchBooksUITests;
				PRODUCT_NAME = "$(TARGET_NAME)";
				TARGETED_DEVICE_FAMILY = "1,2";
				TEST_TARGET_NAME = SearchBooks;
			};
			name = Debug;
		};
		9339A33E223DB69A004648E0 /* Release */ = {
			isa = XCBuildConfiguration;
			buildSettings = {
				CODE_SIGN_STYLE = Automatic;
				INFOPLIST_FILE = SearchBooksUITests/Info.plist;
				LD_RUNPATH_SEARCH_PATHS = "$(inherited) @executable_path/Frameworks @loader_path/Frameworks";
				PRODUCT_BUNDLE_IDENTIFIER = com.searchbooks.SearchBooksUITests;
				PRODUCT_NAME = "$(TARGET_NAME)";
				TARGETED_DEVICE_FAMILY = "1,2";
				TEST_TARGET_NAME = SearchBooks;
			};
			name = Release;
		};
/* End XCBuildConfiguration section */

/* Begin XCConfigurationList section */
		9339A305223DB697004648E0 /* Build configuration list for PBXProject "SearchBooks" */ = {
			isa = XCConfigurationList;
			buildConfigurations = (
				9339A334223DB69A004648E0 /* Debug */,
				9339A335223DB69A004648E0 /* Release */,
			);
			defaultConfigurationIsVisible = 0;
			defaultConfigurationName = Release;
		};
		9339A336223DB69A004648E0 /* Build configuration list for PBXNativeTarget "SearchBooks" */ = {
			isa = XCConfigurationList;
			buildConfigurations = (
				9339A337223DB69A004648E0 /* Debug */,
				9339A338223DB69A004648E0 /* Release */,
			);
			defaultConfigurationIsVisible = 0;
			defaultConfigurationName = Release;
		};
		9339A339223DB69A004648E0 /* Build configuration list for PBXNativeTarget "SearchBooksTests" */ = {
			isa = XCConfigurationList;
			buildConfigurations = (
				9339A33A223DB69A004648E0 /* Debug */,
				9339A33B223DB69A004648E0 /* Release */,
			);
			defaultConfigurationIsVisible = 0;
			defaultConfigurationName = Release;
		};
		9339A33C223DB69A004648E0 /* Build configuration list for PBXNativeTarget "SearchBooksUITests" */ = {
			isa = XCConfigurationList;
			buildConfigurations = (
				9339A33D223DB69A004648E0 /* Debug */,
				9339A33E223DB69A004648E0 /* Release */,
			);
			defaultConfigurationIsVisible = 0;
			defaultConfigurationName = Release;
		};
/* End XCConfigurationList section */
	};
	rootObject = 9339A302223DB697004648E0 /* Project object */;
}
